// !$*UTF8*$!
{
	archiveVersion = 1;
	classes = {
	};
	objectVersion = 50;
	objects = {

/* Begin PBXBuildFile section */
		10B880A02494A95E00D422E3 /* Assets.xcassets in Resources */ = {isa = PBXBuildFile; fileRef = 10B8809E2494A95E00D422E3 /* Assets.xcassets */; };
		10EA08B12491F89300C9FE47 /* AppDelegate.swift in Sources */ = {isa = PBXBuildFile; fileRef = 10EA08B02491F89300C9FE47 /* AppDelegate.swift */; };
		10EA08B32491F89300C9FE47 /* GameScene.sks in Resources */ = {isa = PBXBuildFile; fileRef = 10EA08B22491F89300C9FE47 /* GameScene.sks */; };
		10EA08B52491F89300C9FE47 /* Actions.sks in Resources */ = {isa = PBXBuildFile; fileRef = 10EA08B42491F89300C9FE47 /* Actions.sks */; };
		10EA08B72491F89300C9FE47 /* GameScene.swift in Sources */ = {isa = PBXBuildFile; fileRef = 10EA08B62491F89300C9FE47 /* GameScene.swift */; };
		10EA08B92491F89300C9FE47 /* GameViewController.swift in Sources */ = {isa = PBXBuildFile; fileRef = 10EA08B82491F89300C9FE47 /* GameViewController.swift */; };
		10EA08BC2491F89300C9FE47 /* Main.storyboard in Resources */ = {isa = PBXBuildFile; fileRef = 10EA08BA2491F89300C9FE47 /* Main.storyboard */; };
		10EA08C12491F89400C9FE47 /* LaunchScreen.storyboard in Resources */ = {isa = PBXBuildFile; fileRef = 10EA08BF2491F89400C9FE47 /* LaunchScreen.storyboard */; };
		10EA08C9249200D500C9FE47 /* MathUtils.swift in Sources */ = {isa = PBXBuildFile; fileRef = 10EA08C8249200D500C9FE47 /* MathUtils.swift */; };
/* End PBXBuildFile section */

/* Begin PBXFileReference section */
		10B8809E2494A95E00D422E3 /* Assets.xcassets */ = {isa = PBXFileReference; lastKnownFileType = folder.assetcatalog; path = Assets.xcassets; sourceTree = "<group>"; };
		10EA08AD2491F89300C9FE47 /* CoronaShot.app */ = {isa = PBXFileReference; explicitFileType = wrapper.application; includeInIndex = 0; path = CoronaShot.app; sourceTree = BUILT_PRODUCTS_DIR; };
		10EA08B02491F89300C9FE47 /* AppDelegate.swift */ = {isa = PBXFileReference; lastKnownFileType = sourcecode.swift; path = AppDelegate.swift; sourceTree = "<group>"; };
		10EA08B22491F89300C9FE47 /* GameScene.sks */ = {isa = PBXFileReference; lastKnownFileType = file.sks; path = GameScene.sks; sourceTree = "<group>"; };
		10EA08B42491F89300C9FE47 /* Actions.sks */ = {isa = PBXFileReference; lastKnownFileType = file.sks; path = Actions.sks; sourceTree = "<group>"; };
		10EA08B62491F89300C9FE47 /* GameScene.swift */ = {isa = PBXFileReference; lastKnownFileType = sourcecode.swift; path = GameScene.swift; sourceTree = "<group>"; };
		10EA08B82491F89300C9FE47 /* GameViewController.swift */ = {isa = PBXFileReference; lastKnownFileType = sourcecode.swift; path = GameViewController.swift; sourceTree = "<group>"; };
		10EA08BB2491F89300C9FE47 /* Base */ = {isa = PBXFileReference; lastKnownFileType = file.storyboard; name = Base; path = Base.lproj/Main.storyboard; sourceTree = "<group>"; };
		10EA08C02491F89400C9FE47 /* Base */ = {isa = PBXFileReference; lastKnownFileType = file.storyboard; name = Base; path = Base.lproj/LaunchScreen.storyboard; sourceTree = "<group>"; };
		10EA08C22491F89400C9FE47 /* Info.plist */ = {isa = PBXFileReference; lastKnownFileType = text.plist.xml; path = Info.plist; sourceTree = "<group>"; };
		10EA08C8249200D500C9FE47 /* MathUtils.swift */ = {isa = PBXFileReference; lastKnownFileType = sourcecode.swift; path = MathUtils.swift; sourceTree = "<group>"; };
/* End PBXFileReference section */

/* Begin PBXFrameworksBuildPhase section */
		10EA08AA2491F89300C9FE47 /* Frameworks */ = {
			isa = PBXFrameworksBuildPhase;
			buildActionMask = 2147483647;
			files = (
			);
			runOnlyForDeploymentPostprocessing = 0;
		};
/* End PBXFrameworksBuildPhase section */

/* Begin PBXGroup section */
		10EA08A42491F89300C9FE47 = {
			isa = PBXGroup;
			children = (
				10EA08AF2491F89300C9FE47 /* CoronaShot */,
				10EA08AE2491F89300C9FE47 /* Products */,
			);
			sourceTree = "<group>";
		};
		10EA08AE2491F89300C9FE47 /* Products */ = {
			isa = PBXGroup;
			children = (
				10EA08AD2491F89300C9FE47 /* CoronaShot.app */,
			);
			name = Products;
			sourceTree = "<group>";
		};
		10EA08AF2491F89300C9FE47 /* CoronaShot */ = {
			isa = PBXGroup;
			children = (
				10EA08B02491F89300C9FE47 /* AppDelegate.swift */,
				10EA08B22491F89300C9FE47 /* GameScene.sks */,
				10EA08B42491F89300C9FE47 /* Actions.sks */,
				10EA08B62491F89300C9FE47 /* GameScene.swift */,
				10EA08C8249200D500C9FE47 /* MathUtils.swift */,
				10EA08B82491F89300C9FE47 /* GameViewController.swift */,
				10EA08BA2491F89300C9FE47 /* Main.storyboard */,
				10EA08BF2491F89400C9FE47 /* LaunchScreen.storyboard */,
				10EA08C22491F89400C9FE47 /* Info.plist */,
				10B8809E2494A95E00D422E3 /* Assets.xcassets */,
			);
			path = CoronaShot;
			sourceTree = "<group>";
		};
/* End PBXGroup section */

/* Begin PBXNativeTarget section */
		10EA08AC2491F89300C9FE47 /* CoronaShot */ = {
			isa = PBXNativeTarget;
			buildConfigurationList = 10EA08C52491F89400C9FE47 /* Build configuration list for PBXNativeTarget "CoronaShot" */;
			buildPhases = (
				10EA08A92491F89300C9FE47 /* Sources */,
				10EA08AA2491F89300C9FE47 /* Frameworks */,
				10EA08AB2491F89300C9FE47 /* Resources */,
			);
			buildRules = (
			);
			dependencies = (
			);
			name = CoronaShot;
			productName = CoronaShot;
			productReference = 10EA08AD2491F89300C9FE47 /* CoronaShot.app */;
			productType = "com.apple.product-type.application";
		};
/* End PBXNativeTarget section */

/* Begin PBXProject section */
		10EA08A52491F89300C9FE47 /* Project object */ = {
			isa = PBXProject;
			attributes = {
				LastSwiftUpdateCheck = 1150;
				LastUpgradeCheck = 1150;
				ORGANIZATIONNAME = VipulGarg;
				TargetAttributes = {
					10EA08AC2491F89300C9FE47 = {
						CreatedOnToolsVersion = 11.5;
					};
				};
			};
			buildConfigurationList = 10EA08A82491F89300C9FE47 /* Build configuration list for PBXProject "CoronaShot" */;
			compatibilityVersion = "Xcode 9.3";
			developmentRegion = en;
			hasScannedForEncodings = 0;
			knownRegions = (
				en,
				Base,
			);
			mainGroup = 10EA08A42491F89300C9FE47;
			productRefGroup = 10EA08AE2491F89300C9FE47 /* Products */;
			projectDirPath = "";
			projectRoot = "";
			targets = (
				10EA08AC2491F89300C9FE47 /* CoronaShot */,
			);
		};
/* End PBXProject section */

/* Begin PBXResourcesBuildPhase section */
		10EA08AB2491F89300C9FE47 /* Resources */ = {
			isa = PBXResourcesBuildPhase;
			buildActionMask = 2147483647;
			files = (
				10EA08BC2491F89300C9FE47 /* Main.storyboard in Resources */,
				10EA08B32491F89300C9FE47 /* GameScene.sks in Resources */,
				10EA08C12491F89400C9FE47 /* LaunchScreen.storyboard in Resources */,
				10EA08B52491F89300C9FE47 /* Actions.sks in Resources */,
				10B880A02494A95E00D422E3 /* Assets.xcassets in Resources */,
			);
			runOnlyForDeploymentPostprocessing = 0;
		};
/* End PBXResourcesBuildPhase section */

/* Begin PBXSourcesBuildPhase section */
		10EA08A92491F89300C9FE47 /* Sources */ = {
			isa = PBXSourcesBuildPhase;
			buildActionMask = 2147483647;
			files = (
				10EA08B72491F89300C9FE47 /* GameScene.swift in Sources */,
				10EA08C9249200D500C9FE47 /* MathUtils.swift in Sources */,
				10EA08B92491F89300C9FE47 /* GameViewController.swift in Sources */,
				10EA08B12491F89300C9FE47 /* AppDelegate.swift in Sources */,
			);
			runOnlyForDeploymentPostprocessing = 0;
		};
/* End PBXSourcesBuildPhase section */

/* Begin PBXVariantGroup section */
		10EA08BA2491F89300C9FE47 /* Main.storyboard */ = {
			isa = PBXVariantGroup;
			children = (
				10EA08BB2491F89300C9FE47 /* Base */,
			);
			name = Main.storyboard;
			sourceTree = "<group>";
		};
		10EA08BF2491F89400C9FE47 /* LaunchScreen.storyboard */ = {
			isa = PBXVariantGroup;
			children = (
				10EA08C02491F89400C9FE47 /* Base */,
			);
			name = LaunchScreen.storyboard;
			sourceTree = "<group>";
		};
/* End PBXVariantGroup section */

/* Begin XCBuildConfiguration section */
		10EA08C32491F89400C9FE47 /* Debug */ = {
			isa = XCBuildConfiguration;
			buildSettings = {
				ALWAYS_SEARCH_USER_PATHS = NO;
				CLANG_ANALYZER_NONNULL = YES;
				CLANG_ANALYZER_NUMBER_OBJECT_CONVERSION = YES_AGGRESSIVE;
				CLANG_CXX_LANGUAGE_STANDARD = "gnu++14";
				CLANG_CXX_LIBRARY = "libc++";
				CLANG_ENABLE_MODULES = YES;
				CLANG_ENABLE_OBJC_ARC = YES;
				CLANG_ENABLE_OBJC_WEAK = YES;
				CLANG_WARN_BLOCK_CAPTURE_AUTORELEASING = YES;
				CLANG_WARN_BOOL_CONVERSION = YES;
				CLANG_WARN_COMMA = YES;
				CLANG_WARN_CONSTANT_CONVERSION = YES;
				CLANG_WARN_DEPRECATED_OBJC_IMPLEMENTATIONS = YES;
				CLANG_WARN_DIRECT_OBJC_ISA_USAGE = YES_ERROR;
				CLANG_WARN_DOCUMENTATION_COMMENTS = YES;
				CLANG_WARN_EMPTY_BODY = YES;
				CLANG_WARN_ENUM_CONVERSION = YES;
				CLANG_WARN_INFINITE_RECURSION = YES;
				CLANG_WARN_INT_CONVERSION = YES;
				CLANG_WARN_NON_LITERAL_NULL_CONVERSION = YES;
				CLANG_WARN_OBJC_IMPLICIT_RETAIN_SELF = YES;
				CLANG_WARN_OBJC_LITERAL_CONVERSION = YES;
				CLANG_WARN_OBJC_ROOT_CLASS = YES_ERROR;
				CLANG_WARN_RANGE_LOOP_ANALYSIS = YES;
				CLANG_WARN_STRICT_PROTOTYPES = YES;
				CLANG_WARN_SUSPICIOUS_MOVE = YES;
				CLANG_WARN_UNGUARDED_AVAILABILITY = YES_AGGRESSIVE;
				CLANG_WARN_UNREACHABLE_CODE = YES;
				CLANG_WARN__DUPLICATE_METHOD_MATCH = YES;
				COPY_PHASE_STRIP = NO;
				DEBUG_INFORMATION_FORMAT = dwarf;
				ENABLE_STRICT_OBJC_MSGSEND = YES;
				ENABLE_TESTABILITY = YES;
				GCC_C_LANGUAGE_STANDARD = gnu11;
				GCC_DYNAMIC_NO_PIC = NO;
				GCC_NO_COMMON_BLOCKS = YES;
				GCC_OPTIMIZATION_LEVEL = 0;
				GCC_PREPROCESSOR_DEFINITIONS = (
					"DEBUG=1",
					"$(inherited)",
				);
				GCC_WARN_64_TO_32_BIT_CONVERSION = YES;
				GCC_WARN_ABOUT_RETURN_TYPE = YES_ERROR;
				GCC_WARN_UNDECLARED_SELECTOR = YES;
				GCC_WARN_UNINITIALIZED_AUTOS = YES_AGGRESSIVE;
				GCC_WARN_UNUSED_FUNCTION = YES;
				GCC_WARN_UNUSED_VARIABLE = YES;
				IPHONEOS_DEPLOYMENT_TARGET = 13.5;
				MTL_ENABLE_DEBUG_INFO = INCLUDE_SOURCE;
				MTL_FAST_MATH = YES;
				ONLY_ACTIVE_ARCH = YES;
				SDKROOT = iphoneos;
				SWIFT_ACTIVE_COMPILATION_CONDITIONS = DEBUG;
				SWIFT_OPTIMIZATION_LEVEL = "-Onone";
			};
			name = Debug;
		};
		10EA08C42491F89400C9FE47 /* Release */ = {
			isa = XCBuildConfiguration;
			buildSettings = {
				ALWAYS_SEARCH_USER_PATHS = NO;
				CLANG_ANALYZER_NONNULL = YES;
				CLANG_ANALYZER_NUMBER_OBJECT_CONVERSION = YES_AGGRESSIVE;
				CLANG_CXX_LANGUAGE_STANDARD = "gnu++14";
				CLANG_CXX_LIBRARY = "libc++";
				CLANG_ENABLE_MODULES = YES;
				CLANG_ENABLE_OBJC_ARC = YES;
				CLANG_ENABLE_OBJC_WEAK = YES;
				CLANG_WARN_BLOCK_CAPTURE_AUTORELEASING = YES;
				CLANG_WARN_BOOL_CONVERSION = YES;
				CLANG_WARN_COMMA = YES;
				CLANG_WARN_CONSTANT_CONVERSION = YES;
				CLANG_WARN_DEPRECATED_OBJC_IMPLEMENTATIONS = YES;
				CLANG_WARN_DIRECT_OBJC_ISA_USAGE = YES_ERROR;
				CLANG_WARN_DOCUMENTATION_COMMENTS = YES;
				CLANG_WARN_EMPTY_BODY = YES;
				CLANG_WARN_ENUM_CONVERSION = YES;
				CLANG_WARN_INFINITE_RECURSION = YES;
				CLANG_WARN_INT_CONVERSION = YES;
				CLANG_WARN_NON_LITERAL_NULL_CONVERSION = YES;
				CLANG_WARN_OBJC_IMPLICIT_RETAIN_SELF = YES;
				CLANG_WARN_OBJC_LITERAL_CONVERSION = YES;
				CLANG_WARN_OBJC_ROOT_CLASS = YES_ERROR;
				CLANG_WARN_RANGE_LOOP_ANALYSIS = YES;
				CLANG_WARN_STRICT_PROTOTYPES = YES;
				CLANG_WARN_SUSPICIOUS_MOVE = YES;
				CLANG_WARN_UNGUARDED_AVAILABILITY = YES_AGGRESSIVE;
				CLANG_WARN_UNREACHABLE_CODE = YES;
				CLANG_WARN__DUPLICATE_METHOD_MATCH = YES;
				COPY_PHASE_STRIP = NO;
				DEBUG_INFORMATION_FORMAT = "dwarf-with-dsym";
				ENABLE_NS_ASSERTIONS = NO;
				ENABLE_STRICT_OBJC_MSGSEND = YES;
				GCC_C_LANGUAGE_STANDARD = gnu11;
				GCC_NO_COMMON_BLOCKS = YES;
				GCC_WARN_64_TO_32_BIT_CONVERSION = YES;
				GCC_WARN_ABOUT_RETURN_TYPE = YES_ERROR;
				GCC_WARN_UNDECLARED_SELECTOR = YES;
				GCC_WARN_UNINITIALIZED_AUTOS = YES_AGGRESSIVE;
				GCC_WARN_UNUSED_FUNCTION = YES;
				GCC_WARN_UNUSED_VARIABLE = YES;
				IPHONEOS_DEPLOYMENT_TARGET = 13.5;
				MTL_ENABLE_DEBUG_INFO = NO;
				MTL_FAST_MATH = YES;
				SDKROOT = iphoneos;
				SWIFT_COMPILATION_MODE = wholemodule;
				SWIFT_OPTIMIZATION_LEVEL = "-O";
				VALIDATE_PRODUCT = YES;
			};
			name = Release;
		};
		10EA08C62491F89400C9FE47 /* Debug */ = {
			isa = XCBuildConfiguration;
			buildSettings = {
				ASSETCATALOG_COMPILER_APPICON_NAME = AppIcon;
				CODE_SIGN_STYLE = Automatic;
				DEVELOPMENT_TEAM = CPNWQDNW8N;
				INFOPLIST_FILE = CoronaShot/Info.plist;
				LD_RUNPATH_SEARCH_PATHS = (
					"$(inherited)",
					"@executable_path/Frameworks",
				);
				PRODUCT_BUNDLE_IDENTIFIER = com.cipher.CoronaShot;
				PRODUCT_NAME = "$(TARGET_NAME)";
				SWIFT_VERSION = 5.0;
				TARGETED_DEVICE_FAMILY = "1,2";
			};
			name = Debug;
		};
		10EA08C72491F89400C9FE47 /* Release */ = {
			isa = XCBuildConfiguration;
			buildSettings = {
				ASSETCATALOG_COMPILER_APPICON_NAME = AppIcon;
				CODE_SIGN_STYLE = Automatic;
				DEVELOPMENT_TEAM = CPNWQDNW8N;
				INFOPLIST_FILE = CoronaShot/Info.plist;
				LD_RUNPATH_SEARCH_PATHS = (
					"$(inherited)",
					"@executable_path/Frameworks",
				);
				PRODUCT_BUNDLE_IDENTIFIER = com.cipher.CoronaShot;
				PRODUCT_NAME = "$(TARGET_NAME)";
				SWIFT_VERSION = 5.0;
				TARGETED_DEVICE_FAMILY = "1,2";
			};
			name = Release;
		};
/* End XCBuildConfiguration section */

/* Begin XCConfigurationList section */
		10EA08A82491F89300C9FE47 /* Build configuration list for PBXProject "CoronaShot" */ = {
			isa = XCConfigurationList;
			buildConfigurations = (
				10EA08C32491F89400C9FE47 /* Debug */,
				10EA08C42491F89400C9FE47 /* Release */,
			);
			defaultConfigurationIsVisible = 0;
			defaultConfigurationName = Release;
		};
		10EA08C52491F89400C9FE47 /* Build configuration list for PBXNativeTarget "CoronaShot" */ = {
			isa = XCConfigurationList;
			buildConfigurations = (
				10EA08C62491F89400C9FE47 /* Debug */,
				10EA08C72491F89400C9FE47 /* Release */,
			);
			defaultConfigurationIsVisible = 0;
			defaultConfigurationName = Release;
		};
/* End XCConfigurationList section */
	};
	rootObject = 10EA08A52491F89300C9FE47 /* Project object */;
}
